Microsoft Visual Studio Solution File, Format Version 12.00
# Visual Studio Version 17
VisualStudioVersion = 17.5.2.0
MinimumVisualStudioVersion = 10.0.40219.1
Project("{FAE04EC0-301F-11D3-BF4B-00C04F79EFBC}") = "mvc-project", "mvc-project.csproj", "{77E7C337-6A8A-4F19-27DB-F90AF1B8CF1B}"
EndProject
Global
	GlobalSection(SolutionConfigurationPlatforms) = preSolution
		Debug|Any CPU = Debug|Any CPU
		Release|Any CPU = Release|Any CPU
	EndGlobalSection
	GlobalSection(ProjectConfigurationPlatforms) = postSolution
		{77E7C337-6A8A-4F19-27DB-F90AF1B8CF1B}.Debug|Any CPU.ActiveCfg = Debug|Any CPU
		{77E7C337-6A8A-4F19-27DB-F90AF1B8CF1B}.Debug|Any CPU.Build.0 = Debug|Any CPU
		{77E7C337-6A8A-4F19-27DB-F90AF1B8CF1B}.Release|Any CPU.ActiveCfg = Release|Any CPU
		{77E7C337-6A8A-4F19-27DB-F90AF1B8CF1B}.Release|Any CPU.Build.0 = Release|Any CPU
	EndGlobalSection
	GlobalSection(SolutionProperties) = preSolution
		HideSolutionNode = FALSE
	EndGlobalSection
	GlobalSection(ExtensibilityGlobals) = postSolution
		SolutionGuid = {F72264C7-C8FF-4D47-BE97-6ABB454F6347}
	EndGlobalSection
EndGlobal
